
Microsoft Visual Studio Solution File, Format Version 11.00
# Visual Studio 2010
Project("{FAE04EC0-301F-11D3-BF4B-00C04F79EFBC}") = "Cifrado_Cesar", "Cifrado_Cesar\Cifrado_Cesar.csproj", "{838AC277-A344-4557-A52B-9A101143E1CE}"
EndProject
Project("{FAE04EC0-301F-11D3-BF4B-00C04F79EFBC}") = "Cifrado_Cesar_Test", "Cifrado_Cesar_Test\Cifrado_Cesar_Test.csproj", "{D916FDD7-E942-4834-91AF-C1E2651AFB37}"
EndProject
Global
	GlobalSection(SolutionConfigurationPlatforms) = preSolution
		Debug|Any CPU = Debug|Any CPU
		Debug|Mixed Platforms = Debug|Mixed Platforms
		Debug|x86 = Debug|x86
		Release|Any CPU = Release|Any CPU
		Release|Mixed Platforms = Release|Mixed Platforms
		Release|x86 = Release|x86
	EndGlobalSection
	GlobalSection(ProjectConfigurationPlatforms) = postSolution
		{838AC277-A344-4557-A52B-9A101143E1CE}.Debug|Any CPU.ActiveCfg = Debug|Any CPU
		{838AC277-A344-4557-A52B-9A101143E1CE}.Debug|Any CPU.Build.0 = Debug|Any CPU
		{838AC277-A344-4557-A52B-9A101143E1CE}.Debug|Mixed Platforms.ActiveCfg = Debug|Any CPU
		{838AC277-A344-4557-A52B-9A101143E1CE}.Debug|Mixed Platforms.Build.0 = Debug|Any CPU
		{838AC277-A344-4557-A52B-9A101143E1CE}.Debug|x86.ActiveCfg = Debug|Any CPU
		{838AC277-A344-4557-A52B-9A101143E1CE}.Release|Any CPU.ActiveCfg = Release|Any CPU
		{838AC277-A344-4557-A52B-9A101143E1CE}.Release|Any CPU.Build.0 = Release|Any CPU
		{838AC277-A344-4557-A52B-9A101143E1CE}.Release|Mixed Platforms.ActiveCfg = Release|Any CPU
		{838AC277-A344-4557-A52B-9A101143E1CE}.Release|Mixed Platforms.Build.0 = Release|Any CPU
		{838AC277-A344-4557-A52B-9A101143E1CE}.Release|x86.ActiveCfg = Release|Any CPU
		{D916FDD7-E942-4834-91AF-C1E2651AFB37}.Debug|Any CPU.ActiveCfg = Debug|Any CPU
		{D916FDD7-E942-4834-91AF-C1E2651AFB37}.Debug|Any CPU.Build.0 = Debug|Any CPU
		{D916FDD7-E942-4834-91AF-C1E2651AFB37}.Debug|Mixed Platforms.ActiveCfg = Debug|Any CPU
		{D916FDD7-E942-4834-91AF-C1E2651AFB37}.Debug|Mixed Platforms.Build.0 = Debug|Any CPU
		{D916FDD7-E942-4834-91AF-C1E2651AFB37}.Debug|x86.ActiveCfg = Debug|Any CPU
		{D916FDD7-E942-4834-91AF-C1E2651AFB37}.Release|Any CPU.ActiveCfg = Release|Any CPU
		{D916FDD7-E942-4834-91AF-C1E2651AFB37}.Release|Any CPU.Build.0 = Release|Any CPU
		{D916FDD7-E942-4834-91AF-C1E2651AFB37}.Release|Mixed Platforms.ActiveCfg = Release|Any CPU
		{D916FDD7-E942-4834-91AF-C1E2651AFB37}.Release|Mixed Platforms.Build.0 = Release|Any CPU
		{D916FDD7-E942-4834-91AF-C1E2651AFB37}.Release|x86.ActiveCfg = Release|Any CPU
	EndGlobalSection
	GlobalSection(SolutionProperties) = preSolution
		HideSolutionNode = FALSE
	EndGlobalSection
EndGlobal
